
Microsoft Visual Studio Solution File, Format Version 12.00
# Visual Studio Version 17
VisualStudioVersion = 17.4.33122.133
MinimumVisualStudioVersion = 10.0.40219.1
Project("{FAE04EC0-301F-11D3-BF4B-00C04F79EFBC}") = "prog-projektni-cezarova-sifra", "prog-projektni-cezarova-sifra.csproj", "{979CBE21-FE16-4EE0-B1F5-6B3D3CDB4649}"
EndProject
Global
	GlobalSection(SolutionConfigurationPlatforms) = preSolution
		Debug|Any CPU = Debug|Any CPU
		Release|Any CPU = Release|Any CPU
	EndGlobalSection
	GlobalSection(ProjectConfigurationPlatforms) = postSolution
		{979CBE21-FE16-4EE0-B1F5-6B3D3CDB4649}.Debug|Any CPU.ActiveCfg = Debug|Any CPU
		{979CBE21-FE16-4EE0-B1F5-6B3D3CDB4649}.Debug|Any CPU.Build.0 = Debug|Any CPU
		{979CBE21-FE16-4EE0-B1F5-6B3D3CDB4649}.Release|Any CPU.ActiveCfg = Release|Any CPU
		{979CBE21-FE16-4EE0-B1F5-6B3D3CDB4649}.Release|Any CPU.Build.0 = Release|Any CPU
	EndGlobalSection
	GlobalSection(SolutionProperties) = preSolution
		HideSolutionNode = FALSE
	EndGlobalSection
	GlobalSection(ExtensibilityGlobals) = postSolution
		SolutionGuid = {843BD9C6-BD0B-4F6F-B0E3-927A5DA3E11E}
	EndGlobalSection
EndGlobal
